
Microsoft Visual Studio Solution File, Format Version 12.00
# Visual Studio 15
VisualStudioVersion = 15.0.28307.902
MinimumVisualStudioVersion = 10.0.40219.1
Project("{FAE04EC0-301F-11D3-BF4B-00C04F79EFBC}") = "TestJenkins", "TestJenkins\TestJenkins.csproj", "{A1E3A958-BD0A-416E-BE23-4EE7D0051264}"
EndProject
Global
	GlobalSection(SolutionConfigurationPlatforms) = preSolution
		Debug|Any CPU = Debug|Any CPU
		Release|Any CPU = Release|Any CPU
	EndGlobalSection
	GlobalSection(ProjectConfigurationPlatforms) = postSolution
		{A1E3A958-BD0A-416E-BE23-4EE7D0051264}.Debug|Any CPU.ActiveCfg = Debug|Any CPU
		{A1E3A958-BD0A-416E-BE23-4EE7D0051264}.Debug|Any CPU.Build.0 = Debug|Any CPU
		{A1E3A958-BD0A-416E-BE23-4EE7D0051264}.Release|Any CPU.ActiveCfg = Release|Any CPU
		{A1E3A958-BD0A-416E-BE23-4EE7D0051264}.Release|Any CPU.Build.0 = Release|Any CPU
	EndGlobalSection
	GlobalSection(SolutionProperties) = preSolution
		HideSolutionNode = FALSE
	EndGlobalSection
	GlobalSection(ExtensibilityGlobals) = postSolution
		SolutionGuid = {01A7D713-B9D4-4CEE-A74B-A7E6E6F9C02B}
	EndGlobalSection
EndGlobal
